
Microsoft Visual Studio Solution File, Format Version 12.00
# Visual Studio Version 17
VisualStudioVersion = 17.0.31903.59
MinimumVisualStudioVersion = 10.0.40219.1
Project("{2150E333-8FDC-42A3-9474-1A3956D46DE8}") = "src", "src", "{04744165-7A4C-4695-8C66-D3394DB86ED9}"
EndProject
Project("{FAE04EC0-301F-11D3-BF4B-00C04F79EFBC}") = "Sveda.Client", "src\Sveda.Client\Sveda.Client.csproj", "{EEC78077-B9B1-41D9-97B6-9A9C97865CAE}"
EndProject
Project("{2150E333-8FDC-42A3-9474-1A3956D46DE8}") = "tests", "tests", "{1502A548-FBE8-49A1-969C-7BBCE016A2C7}"
EndProject
Project("{FAE04EC0-301F-11D3-BF4B-00C04F79EFBC}") = "Sveda.Client.Tests", "tests\Sveda.Client.Tests\Sveda.Client.Tests.csproj", "{06DC6E58-6167-4FCD-8252-E134596DBD45}"
EndProject
Global
	GlobalSection(SolutionConfigurationPlatforms) = preSolution
		Debug|Any CPU = Debug|Any CPU
		Release|Any CPU = Release|Any CPU
	EndGlobalSection
	GlobalSection(SolutionProperties) = preSolution
		HideSolutionNode = FALSE
	EndGlobalSection
	GlobalSection(ProjectConfigurationPlatforms) = postSolution
		{EEC78077-B9B1-41D9-97B6-9A9C97865CAE}.Debug|Any CPU.ActiveCfg = Debug|Any CPU
		{EEC78077-B9B1-41D9-97B6-9A9C97865CAE}.Debug|Any CPU.Build.0 = Debug|Any CPU
		{EEC78077-B9B1-41D9-97B6-9A9C97865CAE}.Release|Any CPU.ActiveCfg = Release|Any CPU
		{EEC78077-B9B1-41D9-97B6-9A9C97865CAE}.Release|Any CPU.Build.0 = Release|Any CPU
		{06DC6E58-6167-4FCD-8252-E134596DBD45}.Debug|Any CPU.ActiveCfg = Debug|Any CPU
		{06DC6E58-6167-4FCD-8252-E134596DBD45}.Debug|Any CPU.Build.0 = Debug|Any CPU
		{06DC6E58-6167-4FCD-8252-E134596DBD45}.Release|Any CPU.ActiveCfg = Release|Any CPU
		{06DC6E58-6167-4FCD-8252-E134596DBD45}.Release|Any CPU.Build.0 = Release|Any CPU
	EndGlobalSection
	GlobalSection(NestedProjects) = preSolution
		{EEC78077-B9B1-41D9-97B6-9A9C97865CAE} = {04744165-7A4C-4695-8C66-D3394DB86ED9}
		{06DC6E58-6167-4FCD-8252-E134596DBD45} = {1502A548-FBE8-49A1-969C-7BBCE016A2C7}
	EndGlobalSection
EndGlobal
